
Microsoft Visual Studio Solution File, Format Version 12.00
# Visual Studio Version 17
VisualStudioVersion = 17.6.33815.320
MinimumVisualStudioVersion = 10.0.40219.1
Project("{FAE04EC0-301F-11D3-BF4B-00C04F79EFBC}") = "ProductService", "ProductService\ProductService.csproj", "{6A47048A-F687-4C29-B484-8BF0791E5009}"
EndProject
Project("{FAE04EC0-301F-11D3-BF4B-00C04F79EFBC}") = "Domain", "Domain\Domain.csproj", "{215DC1F9-8C1C-42C4-963E-BC4E17CDD37C}"
EndProject
Project("{FAE04EC0-301F-11D3-BF4B-00C04F79EFBC}") = "ProductSQLInfrastructure", "ProductSQLInfrastructure\ProductSQLInfrastructure.csproj", "{F1259DB8-A014-4128-A187-F510717F412E}"
EndProject
Global
	GlobalSection(SolutionConfigurationPlatforms) = preSolution
		Debug|Any CPU = Debug|Any CPU
		Release|Any CPU = Release|Any CPU
	EndGlobalSection
	GlobalSection(ProjectConfigurationPlatforms) = postSolution
		{6A47048A-F687-4C29-B484-8BF0791E5009}.Debug|Any CPU.ActiveCfg = Debug|Any CPU
		{6A47048A-F687-4C29-B484-8BF0791E5009}.Debug|Any CPU.Build.0 = Debug|Any CPU
		{6A47048A-F687-4C29-B484-8BF0791E5009}.Release|Any CPU.ActiveCfg = Release|Any CPU
		{6A47048A-F687-4C29-B484-8BF0791E5009}.Release|Any CPU.Build.0 = Release|Any CPU
		{215DC1F9-8C1C-42C4-963E-BC4E17CDD37C}.Debug|Any CPU.ActiveCfg = Debug|Any CPU
		{215DC1F9-8C1C-42C4-963E-BC4E17CDD37C}.Debug|Any CPU.Build.0 = Debug|Any CPU
		{215DC1F9-8C1C-42C4-963E-BC4E17CDD37C}.Release|Any CPU.ActiveCfg = Release|Any CPU
		{215DC1F9-8C1C-42C4-963E-BC4E17CDD37C}.Release|Any CPU.Build.0 = Release|Any CPU
		{F1259DB8-A014-4128-A187-F510717F412E}.Debug|Any CPU.ActiveCfg = Debug|Any CPU
		{F1259DB8-A014-4128-A187-F510717F412E}.Debug|Any CPU.Build.0 = Debug|Any CPU
		{F1259DB8-A014-4128-A187-F510717F412E}.Release|Any CPU.ActiveCfg = Release|Any CPU
		{F1259DB8-A014-4128-A187-F510717F412E}.Release|Any CPU.Build.0 = Release|Any CPU
	EndGlobalSection
	GlobalSection(SolutionProperties) = preSolution
		HideSolutionNode = FALSE
	EndGlobalSection
	GlobalSection(ExtensibilityGlobals) = postSolution
		SolutionGuid = {C9E3AC3B-7D30-4FA6-A94B-D8326F7CBEC4}
	EndGlobalSection
EndGlobal
