
Microsoft Visual Studio Solution File, Format Version 12.00
# Visual Studio Version 17
VisualStudioVersion = 17.0.31903.59
MinimumVisualStudioVersion = 10.0.40219.1
Project("{9A19103F-16F7-4668-BE54-9A1E7A4F7556}") = "OrderSQLInfrastructure", "OrderSQLInfrastructure\OrderSQLInfrastructure.csproj", "{137FAFB3-8B0D-4AFC-AB99-222DB6D7978A}"
EndProject
Project("{9A19103F-16F7-4668-BE54-9A1E7A4F7556}") = "Domain", "Domain\Domain.csproj", "{3F5E42EA-D803-49AE-83D1-9EFC92608EA5}"
EndProject
Project("{FAE04EC0-301F-11D3-BF4B-00C04F79EFBC}") = "OrderServiceApi", "OrderServiceApi\OrderServiceApi.csproj", "{9479CB07-95E3-4C27-8B04-8BFFD9E35D47}"
EndProject
Global
	GlobalSection(SolutionConfigurationPlatforms) = preSolution
		Debug|Any CPU = Debug|Any CPU
		Release|Any CPU = Release|Any CPU
	EndGlobalSection
	GlobalSection(ProjectConfigurationPlatforms) = postSolution
		{137FAFB3-8B0D-4AFC-AB99-222DB6D7978A}.Debug|Any CPU.ActiveCfg = Debug|Any CPU
		{137FAFB3-8B0D-4AFC-AB99-222DB6D7978A}.Debug|Any CPU.Build.0 = Debug|Any CPU
		{137FAFB3-8B0D-4AFC-AB99-222DB6D7978A}.Release|Any CPU.ActiveCfg = Release|Any CPU
		{137FAFB3-8B0D-4AFC-AB99-222DB6D7978A}.Release|Any CPU.Build.0 = Release|Any CPU
		{3F5E42EA-D803-49AE-83D1-9EFC92608EA5}.Debug|Any CPU.ActiveCfg = Debug|Any CPU
		{3F5E42EA-D803-49AE-83D1-9EFC92608EA5}.Debug|Any CPU.Build.0 = Debug|Any CPU
		{3F5E42EA-D803-49AE-83D1-9EFC92608EA5}.Release|Any CPU.ActiveCfg = Release|Any CPU
		{3F5E42EA-D803-49AE-83D1-9EFC92608EA5}.Release|Any CPU.Build.0 = Release|Any CPU
		{9479CB07-95E3-4C27-8B04-8BFFD9E35D47}.Debug|Any CPU.ActiveCfg = Debug|Any CPU
		{9479CB07-95E3-4C27-8B04-8BFFD9E35D47}.Debug|Any CPU.Build.0 = Debug|Any CPU
		{9479CB07-95E3-4C27-8B04-8BFFD9E35D47}.Release|Any CPU.ActiveCfg = Release|Any CPU
		{9479CB07-95E3-4C27-8B04-8BFFD9E35D47}.Release|Any CPU.Build.0 = Release|Any CPU
	EndGlobalSection
	GlobalSection(SolutionProperties) = preSolution
		HideSolutionNode = FALSE
	EndGlobalSection
	GlobalSection(ExtensibilityGlobals) = postSolution
		SolutionGuid = {75C00555-ADBC-4F8B-BE8D-7B9FBCE9BDEC}
	EndGlobalSection
EndGlobal
